
Microsoft Visual Studio Solution File, Format Version 12.00
# Visual Studio 2015
Project("{FAE04EC0-301F-11D3-BF4B-00C04F79EFBC}") = "SmoothSnake.CSharp", "SmoothSnake.CSharp.csproj", "{CEE04BF3-B7CD-CE39-9F57-EACF9C1DEDBA}"
EndProject
Global
	GlobalSection(SolutionConfigurationPlatforms) = preSolution
		Debug|Any CPU = Debug|Any CPU
		Release|Any CPU = Release|Any CPU
	EndGlobalSection
	GlobalSection(ProjectConfigurationPlatforms) = postSolution
		{CEE04BF3-B7CD-CE39-9F57-EACF9C1DEDBA}.Debug|Any CPU.ActiveCfg = Debug|Any CPU
		{CEE04BF3-B7CD-CE39-9F57-EACF9C1DEDBA}.Debug|Any CPU.Build.0 = Debug|Any CPU
		{CEE04BF3-B7CD-CE39-9F57-EACF9C1DEDBA}.Release|Any CPU.ActiveCfg = Release|Any CPU
		{CEE04BF3-B7CD-CE39-9F57-EACF9C1DEDBA}.Release|Any CPU.Build.0 = Release|Any CPU
	EndGlobalSection
	GlobalSection(SolutionProperties) = preSolution
		HideSolutionNode = FALSE
	EndGlobalSection
EndGlobal
